
Microsoft Visual Studio Solution File, Format Version 12.00
# Visual Studio 15
VisualStudioVersion = 15.0.28307.489
MinimumVisualStudioVersion = 10.0.40219.1
Project("{2150E333-8FDC-42A3-9474-1A3956D46DE8}") = "_include(sne)", "_include(sne)", "{0A734BD6-5AB4-4770-84A7-BC4D71C1FF9F}"
	ProjectSection(SolutionItems) = preProject
		..\..\include\sne\Common.h = ..\..\include\sne\Common.h
	EndProjectSection
EndProject
Project("{2150E333-8FDC-42A3-9474-1A3956D46DE8}") = "common", "common", "{E3DC885A-AE9B-4E5B-873C-A1C087617B68}"
	ProjectSection(SolutionItems) = preProject
		..\..\include\sne\common\Macros.h = ..\..\include\sne\common\Macros.h
		..\..\include\sne\common\Platform.h = ..\..\include\sne\common\Platform.h
		..\..\include\sne\common\Types.h = ..\..\include\sne\common\Types.h
	EndProjectSection
EndProject
Project("{2150E333-8FDC-42A3-9474-1A3956D46DE8}") = "Modules", "Modules", "{30EF15BA-F82F-42CE-8CBC-3EE437284797}"
EndProject
Project("{2150E333-8FDC-42A3-9474-1A3956D46DE8}") = "Tests", "Tests", "{175660B9-BE6E-4C0F-82D3-5B9DE2F0ECED}"
EndProject
Project("{2150E333-8FDC-42A3-9474-1A3956D46DE8}") = "test", "test", "{BFFD8E7B-68CB-4727-AB5D-20BE2DEDECD0}"
	ProjectSection(SolutionItems) = preProject
		..\..\include\sne\test\CallCounter.h = ..\..\include\sne\test\CallCounter.h
		..\..\include\sne\test\DummyStreamBuffer.h = ..\..\include\sne\test\DummyStreamBuffer.h
		..\..\include\sne\test\StreamFixture.h = ..\..\include\sne\test\StreamFixture.h
	EndProjectSection
EndProject
Project("{8BC9CEB8-8B4A-11D0-8D11-00A0C91BC942}") = "sne.core", "sne.core.vcxproj", "{A39A5A7B-7219-4E12-85BE-589C96A31C70}"
EndProject
Project("{8BC9CEB8-8B4A-11D0-8D11-00A0C91BC942}") = "sne.core.test", "sne.core.test.vcxproj", "{C06F047D-E45D-402B-A4B1-16580BD16AC6}"
	ProjectSection(ProjectDependencies) = postProject
		{A39A5A7B-7219-4E12-85BE-589C96A31C70} = {A39A5A7B-7219-4E12-85BE-589C96A31C70}
	EndProjectSection
EndProject
Project("{8BC9CEB8-8B4A-11D0-8D11-00A0C91BC942}") = "sne.security", "sne.security.vcxproj", "{958E92BD-0954-4154-BFAB-FC344C751320}"
	ProjectSection(ProjectDependencies) = postProject
		{A39A5A7B-7219-4E12-85BE-589C96A31C70} = {A39A5A7B-7219-4E12-85BE-589C96A31C70}
	EndProjectSection
EndProject
Project("{8BC9CEB8-8B4A-11D0-8D11-00A0C91BC942}") = "sne.security.test", "sne.security.test.vcxproj", "{A75CB61D-E82C-49B4-BD79-09F629533641}"
	ProjectSection(ProjectDependencies) = postProject
		{A39A5A7B-7219-4E12-85BE-589C96A31C70} = {A39A5A7B-7219-4E12-85BE-589C96A31C70}
		{958E92BD-0954-4154-BFAB-FC344C751320} = {958E92BD-0954-4154-BFAB-FC344C751320}
	EndProjectSection
EndProject
Project("{8BC9CEB8-8B4A-11D0-8D11-00A0C91BC942}") = "sne.base", "sne.base.vcxproj", "{462C9E3D-45C9-42A3-9221-545FAB064B7F}"
	ProjectSection(ProjectDependencies) = postProject
		{A39A5A7B-7219-4E12-85BE-589C96A31C70} = {A39A5A7B-7219-4E12-85BE-589C96A31C70}
	EndProjectSection
EndProject
Project("{8BC9CEB8-8B4A-11D0-8D11-00A0C91BC942}") = "sne.base.test", "sne.base.test.vcxproj", "{5D5B8BCC-4A9D-4B53-BB15-675132E62A79}"
	ProjectSection(ProjectDependencies) = postProject
		{462C9E3D-45C9-42A3-9221-545FAB064B7F} = {462C9E3D-45C9-42A3-9221-545FAB064B7F}
		{A39A5A7B-7219-4E12-85BE-589C96A31C70} = {A39A5A7B-7219-4E12-85BE-589C96A31C70}
	EndProjectSection
EndProject
Project("{2150E333-8FDC-42A3-9474-1A3956D46DE8}") = "Vendors", "Vendors", "{0933292D-6196-42CC-8087-3E30282FC3D0}"
EndProject
Project("{2150E333-8FDC-42A3-9474-1A3956D46DE8}") = "Examples", "Examples", "{D6A8AB1E-7750-485B-AB5F-0CCF39029864}"
EndProject
Project("{8BC9CEB8-8B4A-11D0-8D11-00A0C91BC942}") = "sne.echo.test", "sne.echo.test.vcxproj", "{B8981DEE-1E66-48DF-B1F4-B076153EF92B}"
EndProject
Project("{8BC9CEB8-8B4A-11D0-8D11-00A0C91BC942}") = "sne.sgp", "sne.sgp.vcxproj", "{F518AD8C-64E6-4EAD-919D-1BF598993F0A}"
EndProject
Project("{8BC9CEB8-8B4A-11D0-8D11-00A0C91BC942}") = "sne.sgp.test", "sne.sgp.test.vcxproj", "{C4C4058A-5EF0-4325-8AAA-A6825561A29F}"
	ProjectSection(ProjectDependencies) = postProject
		{F518AD8C-64E6-4EAD-919D-1BF598993F0A} = {F518AD8C-64E6-4EAD-919D-1BF598993F0A}
	EndProjectSection
EndProject
Project("{8BC9CEB8-8B4A-11D0-8D11-00A0C91BC942}") = "sne.srpc", "sne.srpc.vcxproj", "{5F0B9B2A-D2DF-4B6C-8D0A-9ADCF5018270}"
EndProject
Project("{8BC9CEB8-8B4A-11D0-8D11-00A0C91BC942}") = "sne.srpc.test", "sne.srpc.test.vcxproj", "{58CF462A-8094-4130-9D67-F277F6048B16}"
EndProject
Project("{8BC9CEB8-8B4A-11D0-8D11-00A0C91BC942}") = "sne.client", "sne.client.vcxproj", "{4BBAE36A-C58D-424B-9098-8F40A649913F}"
EndProject
Project("{8BC9CEB8-8B4A-11D0-8D11-00A0C91BC942}") = "sne.server", "sne.server.vcxproj", "{77DBE61C-4602-446D-B366-F92C1D5C0CF6}"
	ProjectSection(ProjectDependencies) = postProject
		{1B971D49-7043-49A5-9DF6-55287DAE3BF2} = {1B971D49-7043-49A5-9DF6-55287DAE3BF2}
	EndProjectSection
EndProject
Project("{2150E333-8FDC-42A3-9474-1A3956D46DE8}") = "Solution Items", "Solution Items", "{C39AD3E5-1621-42F2-A389-B68179172199}"
	ProjectSection(SolutionItems) = preProject
		..\..\.gitignore = ..\..\.gitignore
		..\..\CMakeLists.txt = ..\..\CMakeLists.txt
		..\..\README.md = ..\..\README.md
	EndProjectSection
EndProject
Project("{8BC9CEB8-8B4A-11D0-8D11-00A0C91BC942}") = "anyrpc", "anyrpc.vcxproj", "{1B971D49-7043-49A5-9DF6-55287DAE3BF2}"
EndProject
Project("{8BC9CEB8-8B4A-11D0-8D11-00A0C91BC942}") = "sne.database", "sne.database.vcxproj", "{1B1E6198-10A8-4AD3-823E-471073622E2D}"
EndProject
Project("{8BC9CEB8-8B4A-11D0-8D11-00A0C91BC942}") = "sne.database.test", "sne.database.test.vcxproj", "{3E0249BF-F068-42C8-9BE3-F743A9AB2A7F}"
EndProject
Project("{8BC9CEB8-8B4A-11D0-8D11-00A0C91BC942}") = "sne.launcher", "sne.launcher.vcxproj", "{B59261AF-086B-44DA-81E7-D619E1736711}"
	ProjectSection(ProjectDependencies) = postProject
		{462C9E3D-45C9-42A3-9221-545FAB064B7F} = {462C9E3D-45C9-42A3-9221-545FAB064B7F}
		{A39A5A7B-7219-4E12-85BE-589C96A31C70} = {A39A5A7B-7219-4E12-85BE-589C96A31C70}
	EndProjectSection
EndProject
Global
	GlobalSection(SolutionConfigurationPlatforms) = preSolution
		Debug|Win32 = Debug|Win32
		Debug|x64 = Debug|x64
		DebugStaticMt|Win32 = DebugStaticMt|Win32
		DebugStaticMt|x64 = DebugStaticMt|x64
		Release|Win32 = Release|Win32
		Release|x64 = Release|x64
		ReleaseStaticMt|Win32 = ReleaseStaticMt|Win32
		ReleaseStaticMt|x64 = ReleaseStaticMt|x64
		StaticMtDebug|Win32 = StaticMtDebug|Win32
		StaticMtDebug|x64 = StaticMtDebug|x64
		StaticMtRelease|Win32 = StaticMtRelease|Win32
		StaticMtRelease|x64 = StaticMtRelease|x64
	EndGlobalSection
	GlobalSection(ProjectConfigurationPlatforms) = postSolution
		{A39A5A7B-7219-4E12-85BE-589C96A31C70}.Debug|Win32.ActiveCfg = Debug|Win32
		{A39A5A7B-7219-4E12-85BE-589C96A31C70}.Debug|Win32.Build.0 = Debug|Win32
		{A39A5A7B-7219-4E12-85BE-589C96A31C70}.Debug|x64.ActiveCfg = Debug|x64
		{A39A5A7B-7219-4E12-85BE-589C96A31C70}.Debug|x64.Build.0 = Debug|x64
		{A39A5A7B-7219-4E12-85BE-589C96A31C70}.DebugStaticMt|Win32.ActiveCfg = DebugStaticMt|Win32
		{A39A5A7B-7219-4E12-85BE-589C96A31C70}.DebugStaticMt|Win32.Build.0 = DebugStaticMt|Win32
		{A39A5A7B-7219-4E12-85BE-589C96A31C70}.DebugStaticMt|x64.ActiveCfg = DebugStaticMt|x64
		{A39A5A7B-7219-4E12-85BE-589C96A31C70}.DebugStaticMt|x64.Build.0 = DebugStaticMt|x64
		{A39A5A7B-7219-4E12-85BE-589C96A31C70}.Release|Win32.ActiveCfg = Release|Win32
		{A39A5A7B-7219-4E12-85BE-589C96A31C70}.Release|Win32.Build.0 = Release|Win32
		{A39A5A7B-7219-4E12-85BE-589C96A31C70}.Release|x64.ActiveCfg = Release|x64
		{A39A5A7B-7219-4E12-85BE-589C96A31C70}.Release|x64.Build.0 = Release|x64
		{A39A5A7B-7219-4E12-85BE-589C96A31C70}.ReleaseStaticMt|Win32.ActiveCfg = ReleaseStaticMt|Win32
		{A39A5A7B-7219-4E12-85BE-589C96A31C70}.ReleaseStaticMt|Win32.Build.0 = ReleaseStaticMt|Win32
		{A39A5A7B-7219-4E12-85BE-589C96A31C70}.ReleaseStaticMt|x64.ActiveCfg = ReleaseStaticMt|x64
		{A39A5A7B-7219-4E12-85BE-589C96A31C70}.ReleaseStaticMt|x64.Build.0 = ReleaseStaticMt|x64
		{A39A5A7B-7219-4E12-85BE-589C96A31C70}.StaticMtDebug|Win32.ActiveCfg = Debug|Win32
		{A39A5A7B-7219-4E12-85BE-589C96A31C70}.StaticMtDebug|Win32.Build.0 = Debug|Win32
		{A39A5A7B-7219-4E12-85BE-589C96A31C70}.StaticMtDebug|x64.ActiveCfg = Debug|x64
		{A39A5A7B-7219-4E12-85BE-589C96A31C70}.StaticMtDebug|x64.Build.0 = Debug|x64
		{A39A5A7B-7219-4E12-85BE-589C96A31C70}.StaticMtRelease|Win32.ActiveCfg = Release|Win32
		{A39A5A7B-7219-4E12-85BE-589C96A31C70}.StaticMtRelease|Win32.Build.0 = Release|Win32
		{A39A5A7B-7219-4E12-85BE-589C96A31C70}.StaticMtRelease|x64.ActiveCfg = Release|x64
		{A39A5A7B-7219-4E12-85BE-589C96A31C70}.StaticMtRelease|x64.Build.0 = Release|x64
		{C06F047D-E45D-402B-A4B1-16580BD16AC6}.Debug|Win32.ActiveCfg = Debug|Win32
		{C06F047D-E45D-402B-A4B1-16580BD16AC6}.Debug|Win32.Build.0 = Debug|Win32
		{C06F047D-E45D-402B-A4B1-16580BD16AC6}.Debug|x64.ActiveCfg = Debug|x64
		{C06F047D-E45D-402B-A4B1-16580BD16AC6}.Debug|x64.Build.0 = Debug|x64
		{C06F047D-E45D-402B-A4B1-16580BD16AC6}.DebugStaticMt|Win32.ActiveCfg = DebugStaticMt|Win32
		{C06F047D-E45D-402B-A4B1-16580BD16AC6}.DebugStaticMt|Win32.Build.0 = DebugStaticMt|Win32
		{C06F047D-E45D-402B-A4B1-16580BD16AC6}.DebugStaticMt|x64.ActiveCfg = DebugStaticMt|x64
		{C06F047D-E45D-402B-A4B1-16580BD16AC6}.DebugStaticMt|x64.Build.0 = DebugStaticMt|x64
		{C06F047D-E45D-402B-A4B1-16580BD16AC6}.Release|Win32.ActiveCfg = Release|Win32
		{C06F047D-E45D-402B-A4B1-16580BD16AC6}.Release|Win32.Build.0 = Release|Win32
		{C06F047D-E45D-402B-A4B1-16580BD16AC6}.Release|x64.ActiveCfg = Release|x64
		{C06F047D-E45D-402B-A4B1-16580BD16AC6}.Release|x64.Build.0 = Release|x64
		{C06F047D-E45D-402B-A4B1-16580BD16AC6}.ReleaseStaticMt|Win32.ActiveCfg = ReleaseStaticMt|Win32
		{C06F047D-E45D-402B-A4B1-16580BD16AC6}.ReleaseStaticMt|Win32.Build.0 = ReleaseStaticMt|Win32
		{C06F047D-E45D-402B-A4B1-16580BD16AC6}.ReleaseStaticMt|x64.ActiveCfg = ReleaseStaticMt|x64
		{C06F047D-E45D-402B-A4B1-16580BD16AC6}.ReleaseStaticMt|x64.Build.0 = ReleaseStaticMt|x64
		{C06F047D-E45D-402B-A4B1-16580BD16AC6}.StaticMtDebug|Win32.ActiveCfg = Debug|Win32
		{C06F047D-E45D-402B-A4B1-16580BD16AC6}.StaticMtDebug|Win32.Build.0 = Debug|Win32
		{C06F047D-E45D-402B-A4B1-16580BD16AC6}.StaticMtDebug|x64.ActiveCfg = Debug|x64
		{C06F047D-E45D-402B-A4B1-16580BD16AC6}.StaticMtDebug|x64.Build.0 = Debug|x64
		{C06F047D-E45D-402B-A4B1-16580BD16AC6}.StaticMtRelease|Win32.ActiveCfg = Release|Win32
		{C06F047D-E45D-402B-A4B1-16580BD16AC6}.StaticMtRelease|Win32.Build.0 = Release|Win32
		{C06F047D-E45D-402B-A4B1-16580BD16AC6}.StaticMtRelease|x64.ActiveCfg = Release|x64
		{C06F047D-E45D-402B-A4B1-16580BD16AC6}.StaticMtRelease|x64.Build.0 = Release|x64
		{958E92BD-0954-4154-BFAB-FC344C751320}.Debug|Win32.ActiveCfg = Debug|Win32
		{958E92BD-0954-4154-BFAB-FC344C751320}.Debug|Win32.Build.0 = Debug|Win32
		{958E92BD-0954-4154-BFAB-FC344C751320}.Debug|x64.ActiveCfg = Debug|x64
		{958E92BD-0954-4154-BFAB-FC344C751320}.Debug|x64.Build.0 = Debug|x64
		{958E92BD-0954-4154-BFAB-FC344C751320}.DebugStaticMt|Win32.ActiveCfg = DebugStaticMt|Win32
		{958E92BD-0954-4154-BFAB-FC344C751320}.DebugStaticMt|Win32.Build.0 = DebugStaticMt|Win32
		{958E92BD-0954-4154-BFAB-FC344C751320}.DebugStaticMt|x64.ActiveCfg = DebugStaticMt|x64
		{958E92BD-0954-4154-BFAB-FC344C751320}.DebugStaticMt|x64.Build.0 = DebugStaticMt|x64
		{958E92BD-0954-4154-BFAB-FC344C751320}.Release|Win32.ActiveCfg = Release|Win32
		{958E92BD-0954-4154-BFAB-FC344C751320}.Release|Win32.Build.0 = Release|Win32
		{958E92BD-0954-4154-BFAB-FC344C751320}.Release|x64.ActiveCfg = Release|x64
		{958E92BD-0954-4154-BFAB-FC344C751320}.Release|x64.Build.0 = Release|x64
		{958E92BD-0954-4154-BFAB-FC344C751320}.ReleaseStaticMt|Win32.ActiveCfg = ReleaseStaticMt|Win32
		{958E92BD-0954-4154-BFAB-FC344C751320}.ReleaseStaticMt|Win32.Build.0 = ReleaseStaticMt|Win32
		{958E92BD-0954-4154-BFAB-FC344C751320}.ReleaseStaticMt|x64.ActiveCfg = ReleaseStaticMt|x64
		{958E92BD-0954-4154-BFAB-FC344C751320}.ReleaseStaticMt|x64.Build.0 = ReleaseStaticMt|x64
		{958E92BD-0954-4154-BFAB-FC344C751320}.StaticMtDebug|Win32.ActiveCfg = Debug|Win32
		{958E92BD-0954-4154-BFAB-FC344C751320}.StaticMtDebug|Win32.Build.0 = Debug|Win32
		{958E92BD-0954-4154-BFAB-FC344C751320}.StaticMtDebug|x64.ActiveCfg = Debug|x64
		{958E92BD-0954-4154-BFAB-FC344C751320}.StaticMtDebug|x64.Build.0 = Debug|x64
		{958E92BD-0954-4154-BFAB-FC344C751320}.StaticMtRelease|Win32.ActiveCfg = Release|Win32
		{958E92BD-0954-4154-BFAB-FC344C751320}.StaticMtRelease|Win32.Build.0 = Release|Win32
		{958E92BD-0954-4154-BFAB-FC344C751320}.StaticMtRelease|x64.ActiveCfg = Release|x64
		{958E92BD-0954-4154-BFAB-FC344C751320}.StaticMtRelease|x64.Build.0 = Release|x64
		{A75CB61D-E82C-49B4-BD79-09F629533641}.Debug|Win32.ActiveCfg = Debug|Win32
		{A75CB61D-E82C-49B4-BD79-09F629533641}.Debug|Win32.Build.0 = Debug|Win32
		{A75CB61D-E82C-49B4-BD79-09F629533641}.Debug|x64.ActiveCfg = Debug|x64
		{A75CB61D-E82C-49B4-BD79-09F629533641}.Debug|x64.Build.0 = Debug|x64
		{A75CB61D-E82C-49B4-BD79-09F629533641}.DebugStaticMt|Win32.ActiveCfg = DebugStaticMt|Win32
		{A75CB61D-E82C-49B4-BD79-09F629533641}.DebugStaticMt|Win32.Build.0 = DebugStaticMt|Win32
		{A75CB61D-E82C-49B4-BD79-09F629533641}.DebugStaticMt|x64.ActiveCfg = DebugStaticMt|x64
		{A75CB61D-E82C-49B4-BD79-09F629533641}.DebugStaticMt|x64.Build.0 = DebugStaticMt|x64
		{A75CB61D-E82C-49B4-BD79-09F629533641}.Release|Win32.ActiveCfg = Release|Win32
		{A75CB61D-E82C-49B4-BD79-09F629533641}.Release|Win32.Build.0 = Release|Win32
		{A75CB61D-E82C-49B4-BD79-09F629533641}.Release|x64.ActiveCfg = Release|x64
		{A75CB61D-E82C-49B4-BD79-09F629533641}.Release|x64.Build.0 = Release|x64
		{A75CB61D-E82C-49B4-BD79-09F629533641}.ReleaseStaticMt|Win32.ActiveCfg = ReleaseStaticMt|Win32
		{A75CB61D-E82C-49B4-BD79-09F629533641}.ReleaseStaticMt|Win32.Build.0 = ReleaseStaticMt|Win32
		{A75CB61D-E82C-49B4-BD79-09F629533641}.ReleaseStaticMt|x64.ActiveCfg = ReleaseStaticMt|x64
		{A75CB61D-E82C-49B4-BD79-09F629533641}.ReleaseStaticMt|x64.Build.0 = ReleaseStaticMt|x64
		{A75CB61D-E82C-49B4-BD79-09F629533641}.StaticMtDebug|Win32.ActiveCfg = Debug|Win32
		{A75CB61D-E82C-49B4-BD79-09F629533641}.StaticMtDebug|Win32.Build.0 = Debug|Win32
		{A75CB61D-E82C-49B4-BD79-09F629533641}.StaticMtDebug|x64.ActiveCfg = Debug|x64
		{A75CB61D-E82C-49B4-BD79-09F629533641}.StaticMtDebug|x64.Build.0 = Debug|x64
		{A75CB61D-E82C-49B4-BD79-09F629533641}.StaticMtRelease|Win32.ActiveCfg = Release|Win32
		{A75CB61D-E82C-49B4-BD79-09F629533641}.StaticMtRelease|Win32.Build.0 = Release|Win32
		{A75CB61D-E82C-49B4-BD79-09F629533641}.StaticMtRelease|x64.ActiveCfg = Release|x64
		{A75CB61D-E82C-49B4-BD79-09F629533641}.StaticMtRelease|x64.Build.0 = Release|x64
		{462C9E3D-45C9-42A3-9221-545FAB064B7F}.Debug|Win32.ActiveCfg = Debug|Win32
		{462C9E3D-45C9-42A3-9221-545FAB064B7F}.Debug|Win32.Build.0 = Debug|Win32
		{462C9E3D-45C9-42A3-9221-545FAB064B7F}.Debug|x64.ActiveCfg = Debug|x64
		{462C9E3D-45C9-42A3-9221-545FAB064B7F}.Debug|x64.Build.0 = Debug|x64
		{462C9E3D-45C9-42A3-9221-545FAB064B7F}.DebugStaticMt|Win32.ActiveCfg = DebugStaticMt|Win32
		{462C9E3D-45C9-42A3-9221-545FAB064B7F}.DebugStaticMt|Win32.Build.0 = DebugStaticMt|Win32
		{462C9E3D-45C9-42A3-9221-545FAB064B7F}.DebugStaticMt|x64.ActiveCfg = DebugStaticMt|x64
		{462C9E3D-45C9-42A3-9221-545FAB064B7F}.DebugStaticMt|x64.Build.0 = DebugStaticMt|x64
		{462C9E3D-45C9-42A3-9221-545FAB064B7F}.Release|Win32.ActiveCfg = Release|Win32
		{462C9E3D-45C9-42A3-9221-545FAB064B7F}.Release|Win32.Build.0 = Release|Win32
		{462C9E3D-45C9-42A3-9221-545FAB064B7F}.Release|x64.ActiveCfg = Release|x64
		{462C9E3D-45C9-42A3-9221-545FAB064B7F}.Release|x64.Build.0 = Release|x64
		{462C9E3D-45C9-42A3-9221-545FAB064B7F}.ReleaseStaticMt|Win32.ActiveCfg = ReleaseStaticMt|Win32
		{462C9E3D-45C9-42A3-9221-545FAB064B7F}.ReleaseStaticMt|Win32.Build.0 = ReleaseStaticMt|Win32
		{462C9E3D-45C9-42A3-9221-545FAB064B7F}.ReleaseStaticMt|x64.ActiveCfg = ReleaseStaticMt|x64
		{462C9E3D-45C9-42A3-9221-545FAB064B7F}.ReleaseStaticMt|x64.Build.0 = ReleaseStaticMt|x64
		{462C9E3D-45C9-42A3-9221-545FAB064B7F}.StaticMtDebug|Win32.ActiveCfg = Debug|Win32
		{462C9E3D-45C9-42A3-9221-545FAB064B7F}.StaticMtDebug|Win32.Build.0 = Debug|Win32
		{462C9E3D-45C9-42A3-9221-545FAB064B7F}.StaticMtDebug|x64.ActiveCfg = Debug|x64
		{462C9E3D-45C9-42A3-9221-545FAB064B7F}.StaticMtDebug|x64.Build.0 = Debug|x64
		{462C9E3D-45C9-42A3-9221-545FAB064B7F}.StaticMtRelease|Win32.ActiveCfg = Release|Win32
		{462C9E3D-45C9-42A3-9221-545FAB064B7F}.StaticMtRelease|Win32.Build.0 = Release|Win32
		{462C9E3D-45C9-42A3-9221-545FAB064B7F}.StaticMtRelease|x64.ActiveCfg = Release|x64
		{462C9E3D-45C9-42A3-9221-545FAB064B7F}.StaticMtRelease|x64.Build.0 = Release|x64
		{5D5B8BCC-4A9D-4B53-BB15-675132E62A79}.Debug|Win32.ActiveCfg = Debug|Win32
		{5D5B8BCC-4A9D-4B53-BB15-675132E62A79}.Debug|Win32.Build.0 = Debug|Win32
		{5D5B8BCC-4A9D-4B53-BB15-675132E62A79}.Debug|x64.ActiveCfg = Debug|x64
		{5D5B8BCC-4A9D-4B53-BB15-675132E62A79}.Debug|x64.Build.0 = Debug|x64
		{5D5B8BCC-4A9D-4B53-BB15-675132E62A79}.DebugStaticMt|Win32.ActiveCfg = DebugStaticMt|Win32
		{5D5B8BCC-4A9D-4B53-BB15-675132E62A79}.DebugStaticMt|Win32.Build.0 = DebugStaticMt|Win32
		{5D5B8BCC-4A9D-4B53-BB15-675132E62A79}.DebugStaticMt|x64.ActiveCfg = DebugStaticMt|x64
		{5D5B8BCC-4A9D-4B53-BB15-675132E62A79}.DebugStaticMt|x64.Build.0 = DebugStaticMt|x64
		{5D5B8BCC-4A9D-4B53-BB15-675132E62A79}.Release|Win32.ActiveCfg = Release|Win32
		{5D5B8BCC-4A9D-4B53-BB15-675132E62A79}.Release|Win32.Build.0 = Release|Win32
		{5D5B8BCC-4A9D-4B53-BB15-675132E62A79}.Release|x64.ActiveCfg = Release|x64
		{5D5B8BCC-4A9D-4B53-BB15-675132E62A79}.Release|x64.Build.0 = Release|x64
		{5D5B8BCC-4A9D-4B53-BB15-675132E62A79}.ReleaseStaticMt|Win32.ActiveCfg = ReleaseStaticMt|Win32
		{5D5B8BCC-4A9D-4B53-BB15-675132E62A79}.ReleaseStaticMt|Win32.Build.0 = ReleaseStaticMt|Win32
		{5D5B8BCC-4A9D-4B53-BB15-675132E62A79}.ReleaseStaticMt|x64.ActiveCfg = ReleaseStaticMt|x64
		{5D5B8BCC-4A9D-4B53-BB15-675132E62A79}.ReleaseStaticMt|x64.Build.0 = ReleaseStaticMt|x64
		{5D5B8BCC-4A9D-4B53-BB15-675132E62A79}.StaticMtDebug|Win32.ActiveCfg = Debug|Win32
		{5D5B8BCC-4A9D-4B53-BB15-675132E62A79}.StaticMtDebug|Win32.Build.0 = Debug|Win32
		{5D5B8BCC-4A9D-4B53-BB15-675132E62A79}.StaticMtDebug|x64.ActiveCfg = Debug|x64
		{5D5B8BCC-4A9D-4B53-BB15-675132E62A79}.StaticMtDebug|x64.Build.0 = Debug|x64
		{5D5B8BCC-4A9D-4B53-BB15-675132E62A79}.StaticMtRelease|Win32.ActiveCfg = Release|Win32
		{5D5B8BCC-4A9D-4B53-BB15-675132E62A79}.StaticMtRelease|Win32.Build.0 = Release|Win32
		{5D5B8BCC-4A9D-4B53-BB15-675132E62A79}.StaticMtRelease|x64.ActiveCfg = Release|x64
		{5D5B8BCC-4A9D-4B53-BB15-675132E62A79}.StaticMtRelease|x64.Build.0 = Release|x64
		{B8981DEE-1E66-48DF-B1F4-B076153EF92B}.Debug|Win32.ActiveCfg = Debug|Win32
		{B8981DEE-1E66-48DF-B1F4-B076153EF92B}.Debug|Win32.Build.0 = Debug|Win32
		{B8981DEE-1E66-48DF-B1F4-B076153EF92B}.Debug|x64.ActiveCfg = Debug|x64
		{B8981DEE-1E66-48DF-B1F4-B076153EF92B}.Debug|x64.Build.0 = Debug|x64
		{B8981DEE-1E66-48DF-B1F4-B076153EF92B}.DebugStaticMt|Win32.ActiveCfg = DebugStaticMt|Win32
		{B8981DEE-1E66-48DF-B1F4-B076153EF92B}.DebugStaticMt|Win32.Build.0 = DebugStaticMt|Win32
		{B8981DEE-1E66-48DF-B1F4-B076153EF92B}.DebugStaticMt|x64.ActiveCfg = DebugStaticMt|x64
		{B8981DEE-1E66-48DF-B1F4-B076153EF92B}.DebugStaticMt|x64.Build.0 = DebugStaticMt|x64
		{B8981DEE-1E66-48DF-B1F4-B076153EF92B}.Release|Win32.ActiveCfg = Release|Win32
		{B8981DEE-1E66-48DF-B1F4-B076153EF92B}.Release|Win32.Build.0 = Release|Win32
		{B8981DEE-1E66-48DF-B1F4-B076153EF92B}.Release|x64.ActiveCfg = Release|x64
		{B8981DEE-1E66-48DF-B1F4-B076153EF92B}.Release|x64.Build.0 = Release|x64
		{B8981DEE-1E66-48DF-B1F4-B076153EF92B}.ReleaseStaticMt|Win32.ActiveCfg = ReleaseStaticMt|Win32
		{B8981DEE-1E66-48DF-B1F4-B076153EF92B}.ReleaseStaticMt|Win32.Build.0 = ReleaseStaticMt|Win32
		{B8981DEE-1E66-48DF-B1F4-B076153EF92B}.ReleaseStaticMt|x64.ActiveCfg = ReleaseStaticMt|x64
		{B8981DEE-1E66-48DF-B1F4-B076153EF92B}.ReleaseStaticMt|x64.Build.0 = ReleaseStaticMt|x64
		{B8981DEE-1E66-48DF-B1F4-B076153EF92B}.StaticMtDebug|Win32.ActiveCfg = Debug|Win32
		{B8981DEE-1E66-48DF-B1F4-B076153EF92B}.StaticMtDebug|Win32.Build.0 = Debug|Win32
		{B8981DEE-1E66-48DF-B1F4-B076153EF92B}.StaticMtDebug|x64.ActiveCfg = Debug|x64
		{B8981DEE-1E66-48DF-B1F4-B076153EF92B}.StaticMtDebug|x64.Build.0 = Debug|x64
		{B8981DEE-1E66-48DF-B1F4-B076153EF92B}.StaticMtRelease|Win32.ActiveCfg = Release|Win32
		{B8981DEE-1E66-48DF-B1F4-B076153EF92B}.StaticMtRelease|Win32.Build.0 = Release|Win32
		{B8981DEE-1E66-48DF-B1F4-B076153EF92B}.StaticMtRelease|x64.ActiveCfg = Release|x64
		{B8981DEE-1E66-48DF-B1F4-B076153EF92B}.StaticMtRelease|x64.Build.0 = Release|x64
		{F518AD8C-64E6-4EAD-919D-1BF598993F0A}.Debug|Win32.ActiveCfg = Debug|Win32
		{F518AD8C-64E6-4EAD-919D-1BF598993F0A}.Debug|Win32.Build.0 = Debug|Win32
		{F518AD8C-64E6-4EAD-919D-1BF598993F0A}.Debug|x64.ActiveCfg = Debug|x64
		{F518AD8C-64E6-4EAD-919D-1BF598993F0A}.Debug|x64.Build.0 = Debug|x64
		{F518AD8C-64E6-4EAD-919D-1BF598993F0A}.DebugStaticMt|Win32.ActiveCfg = DebugStaticMt|Win32
		{F518AD8C-64E6-4EAD-919D-1BF598993F0A}.DebugStaticMt|Win32.Build.0 = DebugStaticMt|Win32
		{F518AD8C-64E6-4EAD-919D-1BF598993F0A}.DebugStaticMt|x64.ActiveCfg = DebugStaticMt|x64
		{F518AD8C-64E6-4EAD-919D-1BF598993F0A}.DebugStaticMt|x64.Build.0 = DebugStaticMt|x64
		{F518AD8C-64E6-4EAD-919D-1BF598993F0A}.Release|Win32.ActiveCfg = Release|Win32
		{F518AD8C-64E6-4EAD-919D-1BF598993F0A}.Release|Win32.Build.0 = Release|Win32
		{F518AD8C-64E6-4EAD-919D-1BF598993F0A}.Release|x64.ActiveCfg = Release|x64
		{F518AD8C-64E6-4EAD-919D-1BF598993F0A}.Release|x64.Build.0 = Release|x64
		{F518AD8C-64E6-4EAD-919D-1BF598993F0A}.ReleaseStaticMt|Win32.ActiveCfg = ReleaseStaticMt|Win32
		{F518AD8C-64E6-4EAD-919D-1BF598993F0A}.ReleaseStaticMt|Win32.Build.0 = ReleaseStaticMt|Win32
		{F518AD8C-64E6-4EAD-919D-1BF598993F0A}.ReleaseStaticMt|x64.ActiveCfg = ReleaseStaticMt|x64
		{F518AD8C-64E6-4EAD-919D-1BF598993F0A}.ReleaseStaticMt|x64.Build.0 = ReleaseStaticMt|x64
		{F518AD8C-64E6-4EAD-919D-1BF598993F0A}.StaticMtDebug|Win32.ActiveCfg = Debug|Win32
		{F518AD8C-64E6-4EAD-919D-1BF598993F0A}.StaticMtDebug|Win32.Build.0 = Debug|Win32
		{F518AD8C-64E6-4EAD-919D-1BF598993F0A}.StaticMtDebug|x64.ActiveCfg = Debug|x64
		{F518AD8C-64E6-4EAD-919D-1BF598993F0A}.StaticMtDebug|x64.Build.0 = Debug|x64
		{F518AD8C-64E6-4EAD-919D-1BF598993F0A}.StaticMtRelease|Win32.ActiveCfg = Release|Win32
		{F518AD8C-64E6-4EAD-919D-1BF598993F0A}.StaticMtRelease|Win32.Build.0 = Release|Win32
		{F518AD8C-64E6-4EAD-919D-1BF598993F0A}.StaticMtRelease|x64.ActiveCfg = Release|x64
		{F518AD8C-64E6-4EAD-919D-1BF598993F0A}.StaticMtRelease|x64.Build.0 = Release|x64
		{C4C4058A-5EF0-4325-8AAA-A6825561A29F}.Debug|Win32.ActiveCfg = Debug|Win32
		{C4C4058A-5EF0-4325-8AAA-A6825561A29F}.Debug|Win32.Build.0 = Debug|Win32
		{C4C4058A-5EF0-4325-8AAA-A6825561A29F}.Debug|x64.ActiveCfg = Debug|x64
		{C4C4058A-5EF0-4325-8AAA-A6825561A29F}.Debug|x64.Build.0 = Debug|x64
		{C4C4058A-5EF0-4325-8AAA-A6825561A29F}.DebugStaticMt|Win32.ActiveCfg = DebugStaticMt|Win32
		{C4C4058A-5EF0-4325-8AAA-A6825561A29F}.DebugStaticMt|Win32.Build.0 = DebugStaticMt|Win32
		{C4C4058A-5EF0-4325-8AAA-A6825561A29F}.DebugStaticMt|x64.ActiveCfg = DebugStaticMt|x64
		{C4C4058A-5EF0-4325-8AAA-A6825561A29F}.DebugStaticMt|x64.Build.0 = DebugStaticMt|x64
		{C4C4058A-5EF0-4325-8AAA-A6825561A29F}.Release|Win32.ActiveCfg = Release|Win32
		{C4C4058A-5EF0-4325-8AAA-A6825561A29F}.Release|Win32.Build.0 = Release|Win32
		{C4C4058A-5EF0-4325-8AAA-A6825561A29F}.Release|x64.ActiveCfg = Release|x64
		{C4C4058A-5EF0-4325-8AAA-A6825561A29F}.Release|x64.Build.0 = Release|x64
		{C4C4058A-5EF0-4325-8AAA-A6825561A29F}.ReleaseStaticMt|Win32.ActiveCfg = ReleaseStaticMt|Win32
		{C4C4058A-5EF0-4325-8AAA-A6825561A29F}.ReleaseStaticMt|Win32.Build.0 = ReleaseStaticMt|Win32
		{C4C4058A-5EF0-4325-8AAA-A6825561A29F}.ReleaseStaticMt|x64.ActiveCfg = ReleaseStaticMt|x64
		{C4C4058A-5EF0-4325-8AAA-A6825561A29F}.ReleaseStaticMt|x64.Build.0 = ReleaseStaticMt|x64
		{C4C4058A-5EF0-4325-8AAA-A6825561A29F}.StaticMtDebug|Win32.ActiveCfg = Debug|Win32
		{C4C4058A-5EF0-4325-8AAA-A6825561A29F}.StaticMtDebug|Win32.Build.0 = Debug|Win32
		{C4C4058A-5EF0-4325-8AAA-A6825561A29F}.StaticMtDebug|x64.ActiveCfg = Debug|x64
		{C4C4058A-5EF0-4325-8AAA-A6825561A29F}.StaticMtDebug|x64.Build.0 = Debug|x64
		{C4C4058A-5EF0-4325-8AAA-A6825561A29F}.StaticMtRelease|Win32.ActiveCfg = Release|Win32
		{C4C4058A-5EF0-4325-8AAA-A6825561A29F}.StaticMtRelease|Win32.Build.0 = Release|Win32
		{C4C4058A-5EF0-4325-8AAA-A6825561A29F}.StaticMtRelease|x64.ActiveCfg = Release|x64
		{C4C4058A-5EF0-4325-8AAA-A6825561A29F}.StaticMtRelease|x64.Build.0 = Release|x64
		{5F0B9B2A-D2DF-4B6C-8D0A-9ADCF5018270}.Debug|Win32.ActiveCfg = Debug|Win32
		{5F0B9B2A-D2DF-4B6C-8D0A-9ADCF5018270}.Debug|Win32.Build.0 = Debug|Win32
		{5F0B9B2A-D2DF-4B6C-8D0A-9ADCF5018270}.Debug|x64.ActiveCfg = Debug|x64
		{5F0B9B2A-D2DF-4B6C-8D0A-9ADCF5018270}.Debug|x64.Build.0 = Debug|x64
		{5F0B9B2A-D2DF-4B6C-8D0A-9ADCF5018270}.DebugStaticMt|Win32.ActiveCfg = DebugStaticMt|Win32
		{5F0B9B2A-D2DF-4B6C-8D0A-9ADCF5018270}.DebugStaticMt|Win32.Build.0 = DebugStaticMt|Win32
		{5F0B9B2A-D2DF-4B6C-8D0A-9ADCF5018270}.DebugStaticMt|x64.ActiveCfg = DebugStaticMt|x64
		{5F0B9B2A-D2DF-4B6C-8D0A-9ADCF5018270}.DebugStaticMt|x64.Build.0 = DebugStaticMt|x64
		{5F0B9B2A-D2DF-4B6C-8D0A-9ADCF5018270}.Release|Win32.ActiveCfg = Release|Win32
		{5F0B9B2A-D2DF-4B6C-8D0A-9ADCF5018270}.Release|Win32.Build.0 = Release|Win32
		{5F0B9B2A-D2DF-4B6C-8D0A-9ADCF5018270}.Release|x64.ActiveCfg = Release|x64
		{5F0B9B2A-D2DF-4B6C-8D0A-9ADCF5018270}.Release|x64.Build.0 = Release|x64
		{5F0B9B2A-D2DF-4B6C-8D0A-9ADCF5018270}.ReleaseStaticMt|Win32.ActiveCfg = ReleaseStaticMt|Win32
		{5F0B9B2A-D2DF-4B6C-8D0A-9ADCF5018270}.ReleaseStaticMt|Win32.Build.0 = ReleaseStaticMt|Win32
		{5F0B9B2A-D2DF-4B6C-8D0A-9ADCF5018270}.ReleaseStaticMt|x64.ActiveCfg = ReleaseStaticMt|x64
		{5F0B9B2A-D2DF-4B6C-8D0A-9ADCF5018270}.ReleaseStaticMt|x64.Build.0 = ReleaseStaticMt|x64
		{5F0B9B2A-D2DF-4B6C-8D0A-9ADCF5018270}.StaticMtDebug|Win32.ActiveCfg = Debug|Win32
		{5F0B9B2A-D2DF-4B6C-8D0A-9ADCF5018270}.StaticMtDebug|Win32.Build.0 = Debug|Win32
		{5F0B9B2A-D2DF-4B6C-8D0A-9ADCF5018270}.StaticMtDebug|x64.ActiveCfg = Debug|x64
		{5F0B9B2A-D2DF-4B6C-8D0A-9ADCF5018270}.StaticMtDebug|x64.Build.0 = Debug|x64
		{5F0B9B2A-D2DF-4B6C-8D0A-9ADCF5018270}.StaticMtRelease|Win32.ActiveCfg = Release|Win32
		{5F0B9B2A-D2DF-4B6C-8D0A-9ADCF5018270}.StaticMtRelease|Win32.Build.0 = Release|Win32
		{5F0B9B2A-D2DF-4B6C-8D0A-9ADCF5018270}.StaticMtRelease|x64.ActiveCfg = Release|x64
		{5F0B9B2A-D2DF-4B6C-8D0A-9ADCF5018270}.StaticMtRelease|x64.Build.0 = Release|x64
		{58CF462A-8094-4130-9D67-F277F6048B16}.Debug|Win32.ActiveCfg = Debug|Win32
		{58CF462A-8094-4130-9D67-F277F6048B16}.Debug|Win32.Build.0 = Debug|Win32
		{58CF462A-8094-4130-9D67-F277F6048B16}.Debug|x64.ActiveCfg = Debug|x64
		{58CF462A-8094-4130-9D67-F277F6048B16}.Debug|x64.Build.0 = Debug|x64
		{58CF462A-8094-4130-9D67-F277F6048B16}.DebugStaticMt|Win32.ActiveCfg = DebugStaticMt|Win32
		{58CF462A-8094-4130-9D67-F277F6048B16}.DebugStaticMt|Win32.Build.0 = DebugStaticMt|Win32
		{58CF462A-8094-4130-9D67-F277F6048B16}.DebugStaticMt|x64.ActiveCfg = DebugStaticMt|x64
		{58CF462A-8094-4130-9D67-F277F6048B16}.DebugStaticMt|x64.Build.0 = DebugStaticMt|x64
		{58CF462A-8094-4130-9D67-F277F6048B16}.Release|Win32.ActiveCfg = Release|Win32
		{58CF462A-8094-4130-9D67-F277F6048B16}.Release|Win32.Build.0 = Release|Win32
		{58CF462A-8094-4130-9D67-F277F6048B16}.Release|x64.ActiveCfg = Release|x64
		{58CF462A-8094-4130-9D67-F277F6048B16}.Release|x64.Build.0 = Release|x64
		{58CF462A-8094-4130-9D67-F277F6048B16}.ReleaseStaticMt|Win32.ActiveCfg = ReleaseStaticMt|Win32
		{58CF462A-8094-4130-9D67-F277F6048B16}.ReleaseStaticMt|Win32.Build.0 = ReleaseStaticMt|Win32
		{58CF462A-8094-4130-9D67-F277F6048B16}.ReleaseStaticMt|x64.ActiveCfg = ReleaseStaticMt|x64
		{58CF462A-8094-4130-9D67-F277F6048B16}.ReleaseStaticMt|x64.Build.0 = ReleaseStaticMt|x64
		{58CF462A-8094-4130-9D67-F277F6048B16}.StaticMtDebug|Win32.ActiveCfg = Debug|Win32
		{58CF462A-8094-4130-9D67-F277F6048B16}.StaticMtDebug|Win32.Build.0 = Debug|Win32
		{58CF462A-8094-4130-9D67-F277F6048B16}.StaticMtDebug|x64.ActiveCfg = Debug|x64
		{58CF462A-8094-4130-9D67-F277F6048B16}.StaticMtDebug|x64.Build.0 = Debug|x64
		{58CF462A-8094-4130-9D67-F277F6048B16}.StaticMtRelease|Win32.ActiveCfg = Release|Win32
		{58CF462A-8094-4130-9D67-F277F6048B16}.StaticMtRelease|Win32.Build.0 = Release|Win32
		{58CF462A-8094-4130-9D67-F277F6048B16}.StaticMtRelease|x64.ActiveCfg = Release|x64
		{58CF462A-8094-4130-9D67-F277F6048B16}.StaticMtRelease|x64.Build.0 = Release|x64
		{4BBAE36A-C58D-424B-9098-8F40A649913F}.Debug|Win32.ActiveCfg = Debug|Win32
		{4BBAE36A-C58D-424B-9098-8F40A649913F}.Debug|Win32.Build.0 = Debug|Win32
		{4BBAE36A-C58D-424B-9098-8F40A649913F}.Debug|x64.ActiveCfg = Debug|x64
		{4BBAE36A-C58D-424B-9098-8F40A649913F}.Debug|x64.Build.0 = Debug|x64
		{4BBAE36A-C58D-424B-9098-8F40A649913F}.DebugStaticMt|Win32.ActiveCfg = DebugStaticMt|Win32
		{4BBAE36A-C58D-424B-9098-8F40A649913F}.DebugStaticMt|Win32.Build.0 = DebugStaticMt|Win32
		{4BBAE36A-C58D-424B-9098-8F40A649913F}.DebugStaticMt|x64.ActiveCfg = DebugStaticMt|x64
		{4BBAE36A-C58D-424B-9098-8F40A649913F}.DebugStaticMt|x64.Build.0 = DebugStaticMt|x64
		{4BBAE36A-C58D-424B-9098-8F40A649913F}.Release|Win32.ActiveCfg = Release|Win32
		{4BBAE36A-C58D-424B-9098-8F40A649913F}.Release|Win32.Build.0 = Release|Win32
		{4BBAE36A-C58D-424B-9098-8F40A649913F}.Release|x64.ActiveCfg = Release|x64
		{4BBAE36A-C58D-424B-9098-8F40A649913F}.Release|x64.Build.0 = Release|x64
		{4BBAE36A-C58D-424B-9098-8F40A649913F}.ReleaseStaticMt|Win32.ActiveCfg = ReleaseStaticMt|Win32
		{4BBAE36A-C58D-424B-9098-8F40A649913F}.ReleaseStaticMt|Win32.Build.0 = ReleaseStaticMt|Win32
		{4BBAE36A-C58D-424B-9098-8F40A649913F}.ReleaseStaticMt|x64.ActiveCfg = ReleaseStaticMt|x64
		{4BBAE36A-C58D-424B-9098-8F40A649913F}.ReleaseStaticMt|x64.Build.0 = ReleaseStaticMt|x64
		{4BBAE36A-C58D-424B-9098-8F40A649913F}.StaticMtDebug|Win32.ActiveCfg = Debug|Win32
		{4BBAE36A-C58D-424B-9098-8F40A649913F}.StaticMtDebug|Win32.Build.0 = Debug|Win32
		{4BBAE36A-C58D-424B-9098-8F40A649913F}.StaticMtDebug|x64.ActiveCfg = Debug|x64
		{4BBAE36A-C58D-424B-9098-8F40A649913F}.StaticMtDebug|x64.Build.0 = Debug|x64
		{4BBAE36A-C58D-424B-9098-8F40A649913F}.StaticMtRelease|Win32.ActiveCfg = Release|Win32
		{4BBAE36A-C58D-424B-9098-8F40A649913F}.StaticMtRelease|Win32.Build.0 = Release|Win32
		{4BBAE36A-C58D-424B-9098-8F40A649913F}.StaticMtRelease|x64.ActiveCfg = Release|x64
		{4BBAE36A-C58D-424B-9098-8F40A649913F}.StaticMtRelease|x64.Build.0 = Release|x64
		{77DBE61C-4602-446D-B366-F92C1D5C0CF6}.Debug|Win32.ActiveCfg = Debug|Win32
		{77DBE61C-4602-446D-B366-F92C1D5C0CF6}.Debug|Win32.Build.0 = Debug|Win32
		{77DBE61C-4602-446D-B366-F92C1D5C0CF6}.Debug|x64.ActiveCfg = Debug|x64
		{77DBE61C-4602-446D-B366-F92C1D5C0CF6}.Debug|x64.Build.0 = Debug|x64
		{77DBE61C-4602-446D-B366-F92C1D5C0CF6}.DebugStaticMt|Win32.ActiveCfg = DebugStaticMt|Win32
		{77DBE61C-4602-446D-B366-F92C1D5C0CF6}.DebugStaticMt|Win32.Build.0 = DebugStaticMt|Win32
		{77DBE61C-4602-446D-B366-F92C1D5C0CF6}.DebugStaticMt|x64.ActiveCfg = DebugStaticMt|x64
		{77DBE61C-4602-446D-B366-F92C1D5C0CF6}.DebugStaticMt|x64.Build.0 = DebugStaticMt|x64
		{77DBE61C-4602-446D-B366-F92C1D5C0CF6}.Release|Win32.ActiveCfg = Release|Win32
		{77DBE61C-4602-446D-B366-F92C1D5C0CF6}.Release|Win32.Build.0 = Release|Win32
		{77DBE61C-4602-446D-B366-F92C1D5C0CF6}.Release|x64.ActiveCfg = Release|x64
		{77DBE61C-4602-446D-B366-F92C1D5C0CF6}.Release|x64.Build.0 = Release|x64
		{77DBE61C-4602-446D-B366-F92C1D5C0CF6}.ReleaseStaticMt|Win32.ActiveCfg = ReleaseStaticMt|Win32
		{77DBE61C-4602-446D-B366-F92C1D5C0CF6}.ReleaseStaticMt|Win32.Build.0 = ReleaseStaticMt|Win32
		{77DBE61C-4602-446D-B366-F92C1D5C0CF6}.ReleaseStaticMt|x64.ActiveCfg = ReleaseStaticMt|x64
		{77DBE61C-4602-446D-B366-F92C1D5C0CF6}.ReleaseStaticMt|x64.Build.0 = ReleaseStaticMt|x64
		{77DBE61C-4602-446D-B366-F92C1D5C0CF6}.StaticMtDebug|Win32.ActiveCfg = Debug|Win32
		{77DBE61C-4602-446D-B366-F92C1D5C0CF6}.StaticMtDebug|Win32.Build.0 = Debug|Win32
		{77DBE61C-4602-446D-B366-F92C1D5C0CF6}.StaticMtDebug|x64.ActiveCfg = Debug|x64
		{77DBE61C-4602-446D-B366-F92C1D5C0CF6}.StaticMtDebug|x64.Build.0 = Debug|x64
		{77DBE61C-4602-446D-B366-F92C1D5C0CF6}.StaticMtRelease|Win32.ActiveCfg = Release|Win32
		{77DBE61C-4602-446D-B366-F92C1D5C0CF6}.StaticMtRelease|Win32.Build.0 = Release|Win32
		{77DBE61C-4602-446D-B366-F92C1D5C0CF6}.StaticMtRelease|x64.ActiveCfg = Release|x64
		{77DBE61C-4602-446D-B366-F92C1D5C0CF6}.StaticMtRelease|x64.Build.0 = Release|x64
		{1B971D49-7043-49A5-9DF6-55287DAE3BF2}.Debug|Win32.ActiveCfg = Debug|Win32
		{1B971D49-7043-49A5-9DF6-55287DAE3BF2}.Debug|Win32.Build.0 = Debug|Win32
		{1B971D49-7043-49A5-9DF6-55287DAE3BF2}.Debug|x64.ActiveCfg = Debug|x64
		{1B971D49-7043-49A5-9DF6-55287DAE3BF2}.Debug|x64.Build.0 = Debug|x64
		{1B971D49-7043-49A5-9DF6-55287DAE3BF2}.DebugStaticMt|Win32.ActiveCfg = DebugStaticMt|Win32
		{1B971D49-7043-49A5-9DF6-55287DAE3BF2}.DebugStaticMt|Win32.Build.0 = DebugStaticMt|Win32
		{1B971D49-7043-49A5-9DF6-55287DAE3BF2}.DebugStaticMt|x64.ActiveCfg = DebugStaticMt|x64
		{1B971D49-7043-49A5-9DF6-55287DAE3BF2}.DebugStaticMt|x64.Build.0 = DebugStaticMt|x64
		{1B971D49-7043-49A5-9DF6-55287DAE3BF2}.Release|Win32.ActiveCfg = Release|Win32
		{1B971D49-7043-49A5-9DF6-55287DAE3BF2}.Release|Win32.Build.0 = Release|Win32
		{1B971D49-7043-49A5-9DF6-55287DAE3BF2}.Release|x64.ActiveCfg = Release|x64
		{1B971D49-7043-49A5-9DF6-55287DAE3BF2}.Release|x64.Build.0 = Release|x64
		{1B971D49-7043-49A5-9DF6-55287DAE3BF2}.ReleaseStaticMt|Win32.ActiveCfg = ReleaseStaticMt|Win32
		{1B971D49-7043-49A5-9DF6-55287DAE3BF2}.ReleaseStaticMt|Win32.Build.0 = ReleaseStaticMt|Win32
		{1B971D49-7043-49A5-9DF6-55287DAE3BF2}.ReleaseStaticMt|x64.ActiveCfg = ReleaseStaticMt|x64
		{1B971D49-7043-49A5-9DF6-55287DAE3BF2}.ReleaseStaticMt|x64.Build.0 = ReleaseStaticMt|x64
		{1B971D49-7043-49A5-9DF6-55287DAE3BF2}.StaticMtDebug|Win32.ActiveCfg = Debug|Win32
		{1B971D49-7043-49A5-9DF6-55287DAE3BF2}.StaticMtDebug|Win32.Build.0 = Debug|Win32
		{1B971D49-7043-49A5-9DF6-55287DAE3BF2}.StaticMtDebug|x64.ActiveCfg = Debug|x64
		{1B971D49-7043-49A5-9DF6-55287DAE3BF2}.StaticMtDebug|x64.Build.0 = Debug|x64
		{1B971D49-7043-49A5-9DF6-55287DAE3BF2}.StaticMtRelease|Win32.ActiveCfg = Release|Win32
		{1B971D49-7043-49A5-9DF6-55287DAE3BF2}.StaticMtRelease|Win32.Build.0 = Release|Win32
		{1B971D49-7043-49A5-9DF6-55287DAE3BF2}.StaticMtRelease|x64.ActiveCfg = Release|x64
		{1B971D49-7043-49A5-9DF6-55287DAE3BF2}.StaticMtRelease|x64.Build.0 = Release|x64
		{1B1E6198-10A8-4AD3-823E-471073622E2D}.Debug|Win32.ActiveCfg = Debug|Win32
		{1B1E6198-10A8-4AD3-823E-471073622E2D}.Debug|Win32.Build.0 = Debug|Win32
		{1B1E6198-10A8-4AD3-823E-471073622E2D}.Debug|x64.ActiveCfg = Debug|x64
		{1B1E6198-10A8-4AD3-823E-471073622E2D}.Debug|x64.Build.0 = Debug|x64
		{1B1E6198-10A8-4AD3-823E-471073622E2D}.DebugStaticMt|Win32.ActiveCfg = Debug|Win32
		{1B1E6198-10A8-4AD3-823E-471073622E2D}.DebugStaticMt|Win32.Build.0 = Debug|Win32
		{1B1E6198-10A8-4AD3-823E-471073622E2D}.DebugStaticMt|x64.ActiveCfg = Debug|x64
		{1B1E6198-10A8-4AD3-823E-471073622E2D}.DebugStaticMt|x64.Build.0 = Debug|x64
		{1B1E6198-10A8-4AD3-823E-471073622E2D}.Release|Win32.ActiveCfg = Release|Win32
		{1B1E6198-10A8-4AD3-823E-471073622E2D}.Release|Win32.Build.0 = Release|Win32
		{1B1E6198-10A8-4AD3-823E-471073622E2D}.Release|x64.ActiveCfg = Release|x64
		{1B1E6198-10A8-4AD3-823E-471073622E2D}.Release|x64.Build.0 = Release|x64
		{1B1E6198-10A8-4AD3-823E-471073622E2D}.ReleaseStaticMt|Win32.ActiveCfg = Release|Win32
		{1B1E6198-10A8-4AD3-823E-471073622E2D}.ReleaseStaticMt|Win32.Build.0 = Release|Win32
		{1B1E6198-10A8-4AD3-823E-471073622E2D}.ReleaseStaticMt|x64.ActiveCfg = Release|x64
		{1B1E6198-10A8-4AD3-823E-471073622E2D}.ReleaseStaticMt|x64.Build.0 = Release|x64
		{1B1E6198-10A8-4AD3-823E-471073622E2D}.StaticMtDebug|Win32.ActiveCfg = Debug|Win32
		{1B1E6198-10A8-4AD3-823E-471073622E2D}.StaticMtDebug|Win32.Build.0 = Debug|Win32
		{1B1E6198-10A8-4AD3-823E-471073622E2D}.StaticMtDebug|x64.ActiveCfg = Debug|x64
		{1B1E6198-10A8-4AD3-823E-471073622E2D}.StaticMtDebug|x64.Build.0 = Debug|x64
		{1B1E6198-10A8-4AD3-823E-471073622E2D}.StaticMtRelease|Win32.ActiveCfg = Release|Win32
		{1B1E6198-10A8-4AD3-823E-471073622E2D}.StaticMtRelease|Win32.Build.0 = Release|Win32
		{1B1E6198-10A8-4AD3-823E-471073622E2D}.StaticMtRelease|x64.ActiveCfg = Release|x64
		{1B1E6198-10A8-4AD3-823E-471073622E2D}.StaticMtRelease|x64.Build.0 = Release|x64
		{3E0249BF-F068-42C8-9BE3-F743A9AB2A7F}.Debug|Win32.ActiveCfg = Debug|Win32
		{3E0249BF-F068-42C8-9BE3-F743A9AB2A7F}.Debug|Win32.Build.0 = Debug|Win32
		{3E0249BF-F068-42C8-9BE3-F743A9AB2A7F}.Debug|x64.ActiveCfg = Debug|x64
		{3E0249BF-F068-42C8-9BE3-F743A9AB2A7F}.Debug|x64.Build.0 = Debug|x64
		{3E0249BF-F068-42C8-9BE3-F743A9AB2A7F}.DebugStaticMt|Win32.ActiveCfg = DebugStaticMt|Win32
		{3E0249BF-F068-42C8-9BE3-F743A9AB2A7F}.DebugStaticMt|Win32.Build.0 = DebugStaticMt|Win32
		{3E0249BF-F068-42C8-9BE3-F743A9AB2A7F}.DebugStaticMt|x64.ActiveCfg = DebugStaticMt|x64
		{3E0249BF-F068-42C8-9BE3-F743A9AB2A7F}.DebugStaticMt|x64.Build.0 = DebugStaticMt|x64
		{3E0249BF-F068-42C8-9BE3-F743A9AB2A7F}.Release|Win32.ActiveCfg = Release|Win32
		{3E0249BF-F068-42C8-9BE3-F743A9AB2A7F}.Release|Win32.Build.0 = Release|Win32
		{3E0249BF-F068-42C8-9BE3-F743A9AB2A7F}.Release|x64.ActiveCfg = Release|x64
		{3E0249BF-F068-42C8-9BE3-F743A9AB2A7F}.Release|x64.Build.0 = Release|x64
		{3E0249BF-F068-42C8-9BE3-F743A9AB2A7F}.ReleaseStaticMt|Win32.ActiveCfg = ReleaseStaticMt|Win32
		{3E0249BF-F068-42C8-9BE3-F743A9AB2A7F}.ReleaseStaticMt|Win32.Build.0 = ReleaseStaticMt|Win32
		{3E0249BF-F068-42C8-9BE3-F743A9AB2A7F}.ReleaseStaticMt|x64.ActiveCfg = ReleaseStaticMt|x64
		{3E0249BF-F068-42C8-9BE3-F743A9AB2A7F}.ReleaseStaticMt|x64.Build.0 = ReleaseStaticMt|x64
		{3E0249BF-F068-42C8-9BE3-F743A9AB2A7F}.StaticMtDebug|Win32.ActiveCfg = Debug|Win32
		{3E0249BF-F068-42C8-9BE3-F743A9AB2A7F}.StaticMtDebug|Win32.Build.0 = Debug|Win32
		{3E0249BF-F068-42C8-9BE3-F743A9AB2A7F}.StaticMtDebug|x64.ActiveCfg = Debug|x64
		{3E0249BF-F068-42C8-9BE3-F743A9AB2A7F}.StaticMtDebug|x64.Build.0 = Debug|x64
		{3E0249BF-F068-42C8-9BE3-F743A9AB2A7F}.StaticMtRelease|Win32.ActiveCfg = Release|Win32
		{3E0249BF-F068-42C8-9BE3-F743A9AB2A7F}.StaticMtRelease|Win32.Build.0 = Release|Win32
		{3E0249BF-F068-42C8-9BE3-F743A9AB2A7F}.StaticMtRelease|x64.ActiveCfg = Release|x64
		{3E0249BF-F068-42C8-9BE3-F743A9AB2A7F}.StaticMtRelease|x64.Build.0 = Release|x64
		{B59261AF-086B-44DA-81E7-D619E1736711}.Debug|Win32.ActiveCfg = Debug|Win32
		{B59261AF-086B-44DA-81E7-D619E1736711}.Debug|Win32.Build.0 = Debug|Win32
		{B59261AF-086B-44DA-81E7-D619E1736711}.Debug|x64.ActiveCfg = Debug|x64
		{B59261AF-086B-44DA-81E7-D619E1736711}.Debug|x64.Build.0 = Debug|x64
		{B59261AF-086B-44DA-81E7-D619E1736711}.DebugStaticMt|Win32.ActiveCfg = Debug|Win32
		{B59261AF-086B-44DA-81E7-D619E1736711}.DebugStaticMt|Win32.Build.0 = Debug|Win32
		{B59261AF-086B-44DA-81E7-D619E1736711}.DebugStaticMt|x64.ActiveCfg = Debug|x64
		{B59261AF-086B-44DA-81E7-D619E1736711}.DebugStaticMt|x64.Build.0 = Debug|x64
		{B59261AF-086B-44DA-81E7-D619E1736711}.Release|Win32.ActiveCfg = Release|Win32
		{B59261AF-086B-44DA-81E7-D619E1736711}.Release|Win32.Build.0 = Release|Win32
		{B59261AF-086B-44DA-81E7-D619E1736711}.Release|x64.ActiveCfg = Release|x64
		{B59261AF-086B-44DA-81E7-D619E1736711}.Release|x64.Build.0 = Release|x64
		{B59261AF-086B-44DA-81E7-D619E1736711}.ReleaseStaticMt|Win32.ActiveCfg = Release|Win32
		{B59261AF-086B-44DA-81E7-D619E1736711}.ReleaseStaticMt|Win32.Build.0 = Release|Win32
		{B59261AF-086B-44DA-81E7-D619E1736711}.ReleaseStaticMt|x64.ActiveCfg = Release|x64
		{B59261AF-086B-44DA-81E7-D619E1736711}.ReleaseStaticMt|x64.Build.0 = Release|x64
		{B59261AF-086B-44DA-81E7-D619E1736711}.StaticMtDebug|Win32.ActiveCfg = Debug|Win32
		{B59261AF-086B-44DA-81E7-D619E1736711}.StaticMtDebug|Win32.Build.0 = Debug|Win32
		{B59261AF-086B-44DA-81E7-D619E1736711}.StaticMtDebug|x64.ActiveCfg = Debug|x64
		{B59261AF-086B-44DA-81E7-D619E1736711}.StaticMtDebug|x64.Build.0 = Debug|x64
		{B59261AF-086B-44DA-81E7-D619E1736711}.StaticMtRelease|Win32.ActiveCfg = Release|Win32
		{B59261AF-086B-44DA-81E7-D619E1736711}.StaticMtRelease|Win32.Build.0 = Release|Win32
		{B59261AF-086B-44DA-81E7-D619E1736711}.StaticMtRelease|x64.ActiveCfg = Release|x64
		{B59261AF-086B-44DA-81E7-D619E1736711}.StaticMtRelease|x64.Build.0 = Release|x64
	EndGlobalSection
	GlobalSection(SolutionProperties) = preSolution
		HideSolutionNode = FALSE
	EndGlobalSection
	GlobalSection(NestedProjects) = preSolution
		{E3DC885A-AE9B-4E5B-873C-A1C087617B68} = {0A734BD6-5AB4-4770-84A7-BC4D71C1FF9F}
		{BFFD8E7B-68CB-4727-AB5D-20BE2DEDECD0} = {0A734BD6-5AB4-4770-84A7-BC4D71C1FF9F}
		{A39A5A7B-7219-4E12-85BE-589C96A31C70} = {30EF15BA-F82F-42CE-8CBC-3EE437284797}
		{C06F047D-E45D-402B-A4B1-16580BD16AC6} = {175660B9-BE6E-4C0F-82D3-5B9DE2F0ECED}
		{958E92BD-0954-4154-BFAB-FC344C751320} = {30EF15BA-F82F-42CE-8CBC-3EE437284797}
		{A75CB61D-E82C-49B4-BD79-09F629533641} = {175660B9-BE6E-4C0F-82D3-5B9DE2F0ECED}
		{462C9E3D-45C9-42A3-9221-545FAB064B7F} = {30EF15BA-F82F-42CE-8CBC-3EE437284797}
		{5D5B8BCC-4A9D-4B53-BB15-675132E62A79} = {175660B9-BE6E-4C0F-82D3-5B9DE2F0ECED}
		{B8981DEE-1E66-48DF-B1F4-B076153EF92B} = {D6A8AB1E-7750-485B-AB5F-0CCF39029864}
		{F518AD8C-64E6-4EAD-919D-1BF598993F0A} = {30EF15BA-F82F-42CE-8CBC-3EE437284797}
		{C4C4058A-5EF0-4325-8AAA-A6825561A29F} = {175660B9-BE6E-4C0F-82D3-5B9DE2F0ECED}
		{5F0B9B2A-D2DF-4B6C-8D0A-9ADCF5018270} = {30EF15BA-F82F-42CE-8CBC-3EE437284797}
		{58CF462A-8094-4130-9D67-F277F6048B16} = {175660B9-BE6E-4C0F-82D3-5B9DE2F0ECED}
		{4BBAE36A-C58D-424B-9098-8F40A649913F} = {30EF15BA-F82F-42CE-8CBC-3EE437284797}
		{77DBE61C-4602-446D-B366-F92C1D5C0CF6} = {30EF15BA-F82F-42CE-8CBC-3EE437284797}
		{1B971D49-7043-49A5-9DF6-55287DAE3BF2} = {0933292D-6196-42CC-8087-3E30282FC3D0}
		{1B1E6198-10A8-4AD3-823E-471073622E2D} = {30EF15BA-F82F-42CE-8CBC-3EE437284797}
		{3E0249BF-F068-42C8-9BE3-F743A9AB2A7F} = {175660B9-BE6E-4C0F-82D3-5B9DE2F0ECED}
		{B59261AF-086B-44DA-81E7-D619E1736711} = {30EF15BA-F82F-42CE-8CBC-3EE437284797}
	EndGlobalSection
	GlobalSection(ExtensibilityGlobals) = postSolution
		SolutionGuid = {24FA0F9A-994C-48CC-BFCF-FF56AA36B870}
	EndGlobalSection
EndGlobal
